packages:
- package: dbt-labs/audit_helper
  name: audit_helper
  version: 0.12.2
- git: https://github.com/dbt-labs/dbt-codegen.git
  name: codegen
  revision: |
    52884e848200e4a1e637b30b011b3ee4bc8f5714
  __unrendered__:
    __unrendered__: {}
- package: brooklyn-data/dbt_artifacts
  name: dbt_artifacts
  version: 2.9.3
- package: dbt-labs/dbt_utils
  name: dbt_utils
  version: 1.3.2
sha1_hash: 6c0dc39b4eb98c4164b569e5f858abbb182fac8a
